// !$*UTF8*$!
{
	archiveVersion = 1;
	classes = {
	};
	objectVersion = 50;
	objects = {

/* Begin PBXBuildFile section */
		1517128921810AF6003AAEBA /* Category.swift in Sources */ = {isa = PBXBuildFile; fileRef = 1517128821810AF6003AAEBA /* Category.swift */; };
		1518E3DF217A9BD1004B7CE1 /* PHuntAPIService.swift in Sources */ = {isa = PBXBuildFile; fileRef = 1518E3DE217A9BD1004B7CE1 /* PHuntAPIService.swift */; };
		1518E3E1217AA094004B7CE1 /* Product.swift in Sources */ = {isa = PBXBuildFile; fileRef = 1518E3E0217AA094004B7CE1 /* Product.swift */; };
		1518E3E5217D16D1004B7CE1 /* ProductViewController.swift in Sources */ = {isa = PBXBuildFile; fileRef = 1518E3E4217D16D1004B7CE1 /* ProductViewController.swift */; };
		15439D2F21793F080013E9FF /* AppDelegate.swift in Sources */ = {isa = PBXBuildFile; fileRef = 15439D2E21793F080013E9FF /* AppDelegate.swift */; };
		15439D3121793F080013E9FF /* ViewController.swift in Sources */ = {isa = PBXBuildFile; fileRef = 15439D3021793F080013E9FF /* ViewController.swift */; };
		15439D3421793F080013E9FF /* Main.storyboard in Resources */ = {isa = PBXBuildFile; fileRef = 15439D3221793F080013E9FF /* Main.storyboard */; };
		15439D3621793F090013E9FF /* Assets.xcassets in Resources */ = {isa = PBXBuildFile; fileRef = 15439D3521793F090013E9FF /* Assets.xcassets */; };
		15439D3921793F090013E9FF /* LaunchScreen.storyboard in Resources */ = {isa = PBXBuildFile; fileRef = 15439D3721793F090013E9FF /* LaunchScreen.storyboard */; };
		15439D412179EEA10013E9FF /* ProductTableViewCell.swift in Sources */ = {isa = PBXBuildFile; fileRef = 15439D402179EEA10013E9FF /* ProductTableViewCell.swift */; };
		993F0C7EF2FDDF361F1A3DD4 /* libPods-testTask.a in Frameworks */ = {isa = PBXBuildFile; fileRef = 66A1AEEBB7A46C17C5C96B61 /* libPods-testTask.a */; };
/* End PBXBuildFile section */

/* Begin PBXFileReference section */
		1517128821810AF6003AAEBA /* Category.swift */ = {isa = PBXFileReference; lastKnownFileType = sourcecode.swift; path = Category.swift; sourceTree = "<group>"; };
		1518E3DE217A9BD1004B7CE1 /* PHuntAPIService.swift */ = {isa = PBXFileReference; lastKnownFileType = sourcecode.swift; path = PHuntAPIService.swift; sourceTree = "<group>"; };
		1518E3E0217AA094004B7CE1 /* Product.swift */ = {isa = PBXFileReference; lastKnownFileType = sourcecode.swift; path = Product.swift; sourceTree = "<group>"; };
		1518E3E4217D16D1004B7CE1 /* ProductViewController.swift */ = {isa = PBXFileReference; lastKnownFileType = sourcecode.swift; path = ProductViewController.swift; sourceTree = "<group>"; };
		15439D2B21793F080013E9FF /* testTask.app */ = {isa = PBXFileReference; explicitFileType = wrapper.application; includeInIndex = 0; path = testTask.app; sourceTree = BUILT_PRODUCTS_DIR; };
		15439D2E21793F080013E9FF /* AppDelegate.swift */ = {isa = PBXFileReference; lastKnownFileType = sourcecode.swift; path = AppDelegate.swift; sourceTree = "<group>"; };
		15439D3021793F080013E9FF /* ViewController.swift */ = {isa = PBXFileReference; lastKnownFileType = sourcecode.swift; path = ViewController.swift; sourceTree = "<group>"; };
		15439D3321793F080013E9FF /* Base */ = {isa = PBXFileReference; lastKnownFileType = file.storyboard; name = Base; path = Base.lproj/Main.storyboard; sourceTree = "<group>"; };
		15439D3521793F090013E9FF /* Assets.xcassets */ = {isa = PBXFileReference; lastKnownFileType = folder.assetcatalog; path = Assets.xcassets; sourceTree = "<group>"; };
		15439D3821793F090013E9FF /* Base */ = {isa = PBXFileReference; lastKnownFileType = file.storyboard; name = Base; path = Base.lproj/LaunchScreen.storyboard; sourceTree = "<group>"; };
		15439D3A21793F090013E9FF /* Info.plist */ = {isa = PBXFileReference; lastKnownFileType = text.plist.xml; path = Info.plist; sourceTree = "<group>"; };
		15439D402179EEA10013E9FF /* ProductTableViewCell.swift */ = {isa = PBXFileReference; lastKnownFileType = sourcecode.swift; path = ProductTableViewCell.swift; sourceTree = "<group>"; };
		4DB9667E56AF986F37498769 /* Pods-testTask.debug.xcconfig */ = {isa = PBXFileReference; includeInIndex = 1; lastKnownFileType = text.xcconfig; name = "Pods-testTask.debug.xcconfig"; path = "Pods/Target Support Files/Pods-testTask/Pods-testTask.debug.xcconfig"; sourceTree = "<group>"; };
		66A1AEEBB7A46C17C5C96B61 /* libPods-testTask.a */ = {isa = PBXFileReference; explicitFileType = archive.ar; includeInIndex = 0; path = "libPods-testTask.a"; sourceTree = BUILT_PRODUCTS_DIR; };
		767687EA7281F62389856EBF /* Pods-testTask.release.xcconfig */ = {isa = PBXFileReference; includeInIndex = 1; lastKnownFileType = text.xcconfig; name = "Pods-testTask.release.xcconfig"; path = "Pods/Target Support Files/Pods-testTask/Pods-testTask.release.xcconfig"; sourceTree = "<group>"; };
/* End PBXFileReference section */

/* Begin PBXFrameworksBuildPhase section */
		15439D2821793F080013E9FF /* Frameworks */ = {
			isa = PBXFrameworksBuildPhase;
			buildActionMask = 2147483647;
			files = (
				993F0C7EF2FDDF361F1A3DD4 /* libPods-testTask.a in Frameworks */,
			);
			runOnlyForDeploymentPostprocessing = 0;
		};
/* End PBXFrameworksBuildPhase section */

/* Begin PBXGroup section */
		15439D2221793F080013E9FF = {
			isa = PBXGroup;
			children = (
				15439D2D21793F080013E9FF /* testTask */,
				15439D2C21793F080013E9FF /* Products */,
				9ED4183033760ED9C1752ACB /* Pods */,
				F511340692F9BF13E6CF616D /* Frameworks */,
			);
			sourceTree = "<group>";
		};
		15439D2C21793F080013E9FF /* Products */ = {
			isa = PBXGroup;
			children = (
				15439D2B21793F080013E9FF /* testTask.app */,
			);
			name = Products;
			sourceTree = "<group>";
		};
		15439D2D21793F080013E9FF /* testTask */ = {
			isa = PBXGroup;
			children = (
				15439D2E21793F080013E9FF /* AppDelegate.swift */,
				15439D3021793F080013E9FF /* ViewController.swift */,
				1518E3DE217A9BD1004B7CE1 /* PHuntAPIService.swift */,
				1518E3E0217AA094004B7CE1 /* Product.swift */,
				15439D402179EEA10013E9FF /* ProductTableViewCell.swift */,
				15439D3221793F080013E9FF /* Main.storyboard */,
				1518E3E4217D16D1004B7CE1 /* ProductViewController.swift */,
				15439D3521793F090013E9FF /* Assets.xcassets */,
				15439D3721793F090013E9FF /* LaunchScreen.storyboard */,
				15439D3A21793F090013E9FF /* Info.plist */,
				1517128821810AF6003AAEBA /* Category.swift */,
			);
			path = testTask;
			sourceTree = "<group>";
		};
		9ED4183033760ED9C1752ACB /* Pods */ = {
			isa = PBXGroup;
			children = (
				4DB9667E56AF986F37498769 /* Pods-testTask.debug.xcconfig */,
				767687EA7281F62389856EBF /* Pods-testTask.release.xcconfig */,
			);
			name = Pods;
			sourceTree = "<group>";
		};
		F511340692F9BF13E6CF616D /* Frameworks */ = {
			isa = PBXGroup;
			children = (
				66A1AEEBB7A46C17C5C96B61 /* libPods-testTask.a */,
			);
			name = Frameworks;
			sourceTree = "<group>";
		};
/* End PBXGroup section */

/* Begin PBXNativeTarget section */
		15439D2A21793F080013E9FF /* testTask */ = {
			isa = PBXNativeTarget;
			buildConfigurationList = 15439D3D21793F090013E9FF /* Build configuration list for PBXNativeTarget "testTask" */;
			buildPhases = (
				98C7DFF55E92E2A7AA261E64 /* [CP] Check Pods Manifest.lock */,
				15439D2721793F080013E9FF /* Sources */,
				15439D2821793F080013E9FF /* Frameworks */,
				15439D2921793F080013E9FF /* Resources */,
				A14DD30252609B57D3EE0F9A /* [CP] Copy Pods Resources */,
			);
			buildRules = (
			);
			dependencies = (
			);
			name = testTask;
			productName = testTask;
			productReference = 15439D2B21793F080013E9FF /* testTask.app */;
			productType = "com.apple.product-type.application";
		};
/* End PBXNativeTarget section */

/* Begin PBXProject section */
		15439D2321793F080013E9FF /* Project object */ = {
			isa = PBXProject;
			attributes = {
				LastSwiftUpdateCheck = 1000;
				LastUpgradeCheck = 1000;
				ORGANIZATIONNAME = "Вадим Гатауллин";
				TargetAttributes = {
					15439D2A21793F080013E9FF = {
						CreatedOnToolsVersion = 10.0;
					};
				};
			};
			buildConfigurationList = 15439D2621793F080013E9FF /* Build configuration list for PBXProject "testTask" */;
			compatibilityVersion = "Xcode 9.3";
			developmentRegion = en;
			hasScannedForEncodings = 0;
			knownRegions = (
				en,
				Base,
			);
			mainGroup = 15439D2221793F080013E9FF;
			productRefGroup = 15439D2C21793F080013E9FF /* Products */;
			projectDirPath = "";
			projectRoot = "";
			targets = (
				15439D2A21793F080013E9FF /* testTask */,
			);
		};
/* End PBXProject section */

/* Begin PBXResourcesBuildPhase section */
		15439D2921793F080013E9FF /* Resources */ = {
			isa = PBXResourcesBuildPhase;
			buildActionMask = 2147483647;
			files = (
				15439D3921793F090013E9FF /* LaunchScreen.storyboard in Resources */,
				15439D3621793F090013E9FF /* Assets.xcassets in Resources */,
				15439D3421793F080013E9FF /* Main.storyboard in Resources */,
			);
			runOnlyForDeploymentPostprocessing = 0;
		};
/* End PBXResourcesBuildPhase section */

/* Begin PBXShellScriptBuildPhase section */
		98C7DFF55E92E2A7AA261E64 /* [CP] Check Pods Manifest.lock */ = {
			isa = PBXShellScriptBuildPhase;
			buildActionMask = 2147483647;
			files = (
			);
			inputPaths = (
				"${PODS_PODFILE_DIR_PATH}/Podfile.lock",
				"${PODS_ROOT}/Manifest.lock",
			);
			name = "[CP] Check Pods Manifest.lock";
			outputPaths = (
				"$(DERIVED_FILE_DIR)/Pods-testTask-checkManifestLockResult.txt",
			);
			runOnlyForDeploymentPostprocessing = 0;
			shellPath = /bin/sh;
			shellScript = "diff \"${PODS_PODFILE_DIR_PATH}/Podfile.lock\" \"${PODS_ROOT}/Manifest.lock\" > /dev/null\nif [ $? != 0 ] ; then\n    # print error to STDERR\n    echo \"error: The sandbox is not in sync with the Podfile.lock. Run 'pod install' or update your CocoaPods installation.\" >&2\n    exit 1\nfi\n# This output is used by Xcode 'outputs' to avoid re-running this script phase.\necho \"SUCCESS\" > \"${SCRIPT_OUTPUT_FILE_0}\"\n";
			showEnvVarsInLog = 0;
		};
		A14DD30252609B57D3EE0F9A /* [CP] Copy Pods Resources */ = {
			isa = PBXShellScriptBuildPhase;
			buildActionMask = 2147483647;
			files = (
			);
			inputPaths = (
				"${SRCROOT}/Pods/Target Support Files/Pods-testTask/Pods-testTask-resources.sh",
				"${PODS_ROOT}/BTNavigationDropdownMenu/Source/BTNavigationDropdownMenu.bundle",
			);
			name = "[CP] Copy Pods Resources";
			outputPaths = (
				"${TARGET_BUILD_DIR}/${UNLOCALIZED_RESOURCES_FOLDER_PATH}/BTNavigationDropdownMenu.bundle",
			);
			runOnlyForDeploymentPostprocessing = 0;
			shellPath = /bin/sh;
			shellScript = "\"${SRCROOT}/Pods/Target Support Files/Pods-testTask/Pods-testTask-resources.sh\"\n";
			showEnvVarsInLog = 0;
		};
/* End PBXShellScriptBuildPhase section */

/* Begin PBXSourcesBuildPhase section */
		15439D2721793F080013E9FF /* Sources */ = {
			isa = PBXSourcesBuildPhase;
			buildActionMask = 2147483647;
			files = (
				1518E3E5217D16D1004B7CE1 /* ProductViewController.swift in Sources */,
				15439D3121793F080013E9FF /* ViewController.swift in Sources */,
				15439D2F21793F080013E9FF /* AppDelegate.swift in Sources */,
				1518E3E1217AA094004B7CE1 /* Product.swift in Sources */,
				1518E3DF217A9BD1004B7CE1 /* PHuntAPIService.swift in Sources */,
				15439D412179EEA10013E9FF /* ProductTableViewCell.swift in Sources */,
				1517128921810AF6003AAEBA /* Category.swift in Sources */,
			);
			runOnlyForDeploymentPostprocessing = 0;
		};
/* End PBXSourcesBuildPhase section */

/* Begin PBXVariantGroup section */
		15439D3221793F080013E9FF /* Main.storyboard */ = {
			isa = PBXVariantGroup;
			children = (
				15439D3321793F080013E9FF /* Base */,
			);
			name = Main.storyboard;
			sourceTree = "<group>";
		};
		15439D3721793F090013E9FF /* LaunchScreen.storyboard */ = {
			isa = PBXVariantGroup;
			children = (
				15439D3821793F090013E9FF /* Base */,
			);
			name = LaunchScreen.storyboard;
			sourceTree = "<group>";
		};
/* End PBXVariantGroup section */

/* Begin XCBuildConfiguration section */
		15439D3B21793F090013E9FF /* Debug */ = {
			isa = XCBuildConfiguration;
			buildSettings = {
				ALWAYS_SEARCH_USER_PATHS = NO;
				CLANG_ANALYZER_NONNULL = YES;
				CLANG_ANALYZER_NUMBER_OBJECT_CONVERSION = YES_AGGRESSIVE;
				CLANG_CXX_LANGUAGE_STANDARD = "gnu++14";
				CLANG_CXX_LIBRARY = "libc++";
				CLANG_ENABLE_MODULES = YES;
				CLANG_ENABLE_OBJC_ARC = YES;
				CLANG_ENABLE_OBJC_WEAK = YES;
				CLANG_WARN_BLOCK_CAPTURE_AUTORELEASING = YES;
				CLANG_WARN_BOOL_CONVERSION = YES;
				CLANG_WARN_COMMA = YES;
				CLANG_WARN_CONSTANT_CONVERSION = YES;
				CLANG_WARN_DEPRECATED_OBJC_IMPLEMENTATIONS = YES;
				CLANG_WARN_DIRECT_OBJC_ISA_USAGE = YES_ERROR;
				CLANG_WARN_DOCUMENTATION_COMMENTS = YES;
				CLANG_WARN_EMPTY_BODY = YES;
				CLANG_WARN_ENUM_CONVERSION = YES;
				CLANG_WARN_INFINITE_RECURSION = YES;
				CLANG_WARN_INT_CONVERSION = YES;
				CLANG_WARN_NON_LITERAL_NULL_CONVERSION = YES;
				CLANG_WARN_OBJC_IMPLICIT_RETAIN_SELF = YES;
				CLANG_WARN_OBJC_LITERAL_CONVERSION = YES;
				CLANG_WARN_OBJC_ROOT_CLASS = YES_ERROR;
				CLANG_WARN_RANGE_LOOP_ANALYSIS = YES;
				CLANG_WARN_STRICT_PROTOTYPES = YES;
				CLANG_WARN_SUSPICIOUS_MOVE = YES;
				CLANG_WARN_UNGUARDED_AVAILABILITY = YES_AGGRESSIVE;
				CLANG_WARN_UNREACHABLE_CODE = YES;
				CLANG_WARN__DUPLICATE_METHOD_MATCH = YES;
				CODE_SIGN_IDENTITY = "iPhone Developer";
				COPY_PHASE_STRIP = NO;
				DEBUG_INFORMATION_FORMAT = dwarf;
				ENABLE_STRICT_OBJC_MSGSEND = YES;
				ENABLE_TESTABILITY = YES;
				GCC_C_LANGUAGE_STANDARD = gnu11;
				GCC_DYNAMIC_NO_PIC = NO;
				GCC_NO_COMMON_BLOCKS = YES;
				GCC_OPTIMIZATION_LEVEL = 0;
				GCC_PREPROCESSOR_DEFINITIONS = (
					"DEBUG=1",
					"$(inherited)",
				);
				GCC_WARN_64_TO_32_BIT_CONVERSION = YES;
				GCC_WARN_ABOUT_RETURN_TYPE = YES_ERROR;
				GCC_WARN_UNDECLARED_SELECTOR = YES;
				GCC_WARN_UNINITIALIZED_AUTOS = YES_AGGRESSIVE;
				GCC_WARN_UNUSED_FUNCTION = YES;
				GCC_WARN_UNUSED_VARIABLE = YES;
				IPHONEOS_DEPLOYMENT_TARGET = 12.0;
				MTL_ENABLE_DEBUG_INFO = INCLUDE_SOURCE;
				MTL_FAST_MATH = YES;
				ONLY_ACTIVE_ARCH = YES;
				SDKROOT = iphoneos;
				SWIFT_ACTIVE_COMPILATION_CONDITIONS = DEBUG;
				SWIFT_OPTIMIZATION_LEVEL = "-Onone";
			};
			name = Debug;
		};
		15439D3C21793F090013E9FF /* Release */ = {
			isa = XCBuildConfiguration;
			buildSettings = {
				ALWAYS_SEARCH_USER_PATHS = NO;
				CLANG_ANALYZER_NONNULL = YES;
				CLANG_ANALYZER_NUMBER_OBJECT_CONVERSION = YES_AGGRESSIVE;
				CLANG_CXX_LANGUAGE_STANDARD = "gnu++14";
				CLANG_CXX_LIBRARY = "libc++";
				CLANG_ENABLE_MODULES = YES;
				CLANG_ENABLE_OBJC_ARC = YES;
				CLANG_ENABLE_OBJC_WEAK = YES;
				CLANG_WARN_BLOCK_CAPTURE_AUTORELEASING = YES;
				CLANG_WARN_BOOL_CONVERSION = YES;
				CLANG_WARN_COMMA = YES;
				CLANG_WARN_CONSTANT_CONVERSION = YES;
				CLANG_WARN_DEPRECATED_OBJC_IMPLEMENTATIONS = YES;
				CLANG_WARN_DIRECT_OBJC_ISA_USAGE = YES_ERROR;
				CLANG_WARN_DOCUMENTATION_COMMENTS = YES;
				CLANG_WARN_EMPTY_BODY = YES;
				CLANG_WARN_ENUM_CONVERSION = YES;
				CLANG_WARN_INFINITE_RECURSION = YES;
				CLANG_WARN_INT_CONVERSION = YES;
				CLANG_WARN_NON_LITERAL_NULL_CONVERSION = YES;
				CLANG_WARN_OBJC_IMPLICIT_RETAIN_SELF = YES;
				CLANG_WARN_OBJC_LITERAL_CONVERSION = YES;
				CLANG_WARN_OBJC_ROOT_CLASS = YES_ERROR;
				CLANG_WARN_RANGE_LOOP_ANALYSIS = YES;
				CLANG_WARN_STRICT_PROTOTYPES = YES;
				CLANG_WARN_SUSPICIOUS_MOVE = YES;
				CLANG_WARN_UNGUARDED_AVAILABILITY = YES_AGGRESSIVE;
				CLANG_WARN_UNREACHABLE_CODE = YES;
				CLANG_WARN__DUPLICATE_METHOD_MATCH = YES;
				CODE_SIGN_IDENTITY = "iPhone Developer";
				COPY_PHASE_STRIP = NO;
				DEBUG_INFORMATION_FORMAT = "dwarf-with-dsym";
				ENABLE_NS_ASSERTIONS = NO;
				ENABLE_STRICT_OBJC_MSGSEND = YES;
				GCC_C_LANGUAGE_STANDARD = gnu11;
				GCC_NO_COMMON_BLOCKS = YES;
				GCC_WARN_64_TO_32_BIT_CONVERSION = YES;
				GCC_WARN_ABOUT_RETURN_TYPE = YES_ERROR;
				GCC_WARN_UNDECLARED_SELECTOR = YES;
				GCC_WARN_UNINITIALIZED_AUTOS = YES_AGGRESSIVE;
				GCC_WARN_UNUSED_FUNCTION = YES;
				GCC_WARN_UNUSED_VARIABLE = YES;
				IPHONEOS_DEPLOYMENT_TARGET = 12.0;
				MTL_ENABLE_DEBUG_INFO = NO;
				MTL_FAST_MATH = YES;
				SDKROOT = iphoneos;
				SWIFT_COMPILATION_MODE = wholemodule;
				SWIFT_OPTIMIZATION_LEVEL = "-O";
				VALIDATE_PRODUCT = YES;
			};
			name = Release;
		};
		15439D3E21793F090013E9FF /* Debug */ = {
			isa = XCBuildConfiguration;
			baseConfigurationReference = 4DB9667E56AF986F37498769 /* Pods-testTask.debug.xcconfig */;
			buildSettings = {
				ASSETCATALOG_COMPILER_APPICON_NAME = AppIcon;
				CODE_SIGN_STYLE = Automatic;
				DEVELOPMENT_TEAM = Z4G7NU3343;
				INFOPLIST_FILE = testTask/Info.plist;
				IPHONEOS_DEPLOYMENT_TARGET = 10.0;
				LD_RUNPATH_SEARCH_PATHS = (
					"$(inherited)",
					"@executable_path/Frameworks",
				);
				PRODUCT_BUNDLE_IDENTIFIER = testing.testTask;
				PRODUCT_NAME = "$(TARGET_NAME)";
				SWIFT_VERSION = 4.2;
				TARGETED_DEVICE_FAMILY = "1,2";
			};
			name = Debug;
		};
		15439D3F21793F090013E9FF /* Release */ = {
			isa = XCBuildConfiguration;
			baseConfigurationReference = 767687EA7281F62389856EBF /* Pods-testTask.release.xcconfig */;
			buildSettings = {
				ASSETCATALOG_COMPILER_APPICON_NAME = AppIcon;
				CODE_SIGN_STYLE = Automatic;
				DEVELOPMENT_TEAM = Z4G7NU3343;
				INFOPLIST_FILE = testTask/Info.plist;
				IPHONEOS_DEPLOYMENT_TARGET = 10.0;
				LD_RUNPATH_SEARCH_PATHS = (
					"$(inherited)",
					"@executable_path/Frameworks",
				);
				PRODUCT_BUNDLE_IDENTIFIER = testing.testTask;
				PRODUCT_NAME = "$(TARGET_NAME)";
				SWIFT_VERSION = 4.2;
				TARGETED_DEVICE_FAMILY = "1,2";
			};
			name = Release;
		};
/* End XCBuildConfiguration section */

/* Begin XCConfigurationList section */
		15439D2621793F080013E9FF /* Build configuration list for PBXProject "testTask" */ = {
			isa = XCConfigurationList;
			buildConfigurations = (
				15439D3B21793F090013E9FF /* Debug */,
				15439D3C21793F090013E9FF /* Release */,
			);
			defaultConfigurationIsVisible = 0;
			defaultConfigurationName = Release;
		};
		15439D3D21793F090013E9FF /* Build configuration list for PBXNativeTarget "testTask" */ = {
			isa = XCConfigurationList;
			buildConfigurations = (
				15439D3E21793F090013E9FF /* Debug */,
				15439D3F21793F090013E9FF /* Release */,
			);
			defaultConfigurationIsVisible = 0;
			defaultConfigurationName = Release;
		};
/* End XCConfigurationList section */
	};
	rootObject = 15439D2321793F080013E9FF /* Project object */;
}
